
Microsoft Visual Studio Solution File, Format Version 12.00
# Visual Studio Version 16
VisualStudioVersion = 16.0.30413.136
MinimumVisualStudioVersion = 10.0.40219.1
Project("{9A19103F-16F7-4668-BE54-9A1E7A4F7556}") = "GroupAssignmentTeamBlue.Model", "GroupAssignmentTeamBlue.Model\GroupAssignmentTeamBlue.Model.csproj", "{7007FFF3-639D-4E45-A3EA-CDEA7B329502}"
EndProject
Project("{9A19103F-16F7-4668-BE54-9A1E7A4F7556}") = "GroupAssignmentTeamBlue.DAL", "GroupAssignmentTeamBlue.DAL\GroupAssignmentTeamBlue.DAL.csproj", "{875CE2EF-0FF8-4E73-BBAC-5940DB160BD7}"
EndProject
Project("{9A19103F-16F7-4668-BE54-9A1E7A4F7556}") = "GroupAssignmentTeamBlue.API", "GroupAssignmentTeamBlue.API\GroupAssignmentTeamBlue.API.csproj", "{9905B0B6-ECEE-487B-A0AD-3C2334E7C6FC}"
EndProject
Project("{FAE04EC0-301F-11D3-BF4B-00C04F79EFBC}") = "GroupAssignmentTeamBlue.Tests", "GroupAssignmentTeamBlue.Tests\GroupAssignmentTeamBlue.Tests.csproj", "{E0A8415A-D712-421E-AF8F-4DFC48225956}"
EndProject
Global
	GlobalSection(SolutionConfigurationPlatforms) = preSolution
		Debug|Any CPU = Debug|Any CPU
		Release|Any CPU = Release|Any CPU
	EndGlobalSection
	GlobalSection(ProjectConfigurationPlatforms) = postSolution
		{7007FFF3-639D-4E45-A3EA-CDEA7B329502}.Debug|Any CPU.ActiveCfg = Debug|Any CPU
		{7007FFF3-639D-4E45-A3EA-CDEA7B329502}.Debug|Any CPU.Build.0 = Debug|Any CPU
		{7007FFF3-639D-4E45-A3EA-CDEA7B329502}.Release|Any CPU.ActiveCfg = Release|Any CPU
		{7007FFF3-639D-4E45-A3EA-CDEA7B329502}.Release|Any CPU.Build.0 = Release|Any CPU
		{875CE2EF-0FF8-4E73-BBAC-5940DB160BD7}.Debug|Any CPU.ActiveCfg = Debug|Any CPU
		{875CE2EF-0FF8-4E73-BBAC-5940DB160BD7}.Debug|Any CPU.Build.0 = Debug|Any CPU
		{875CE2EF-0FF8-4E73-BBAC-5940DB160BD7}.Release|Any CPU.ActiveCfg = Release|Any CPU
		{875CE2EF-0FF8-4E73-BBAC-5940DB160BD7}.Release|Any CPU.Build.0 = Release|Any CPU
		{9905B0B6-ECEE-487B-A0AD-3C2334E7C6FC}.Debug|Any CPU.ActiveCfg = Debug|Any CPU
		{9905B0B6-ECEE-487B-A0AD-3C2334E7C6FC}.Debug|Any CPU.Build.0 = Debug|Any CPU
		{9905B0B6-ECEE-487B-A0AD-3C2334E7C6FC}.Release|Any CPU.ActiveCfg = Release|Any CPU
		{9905B0B6-ECEE-487B-A0AD-3C2334E7C6FC}.Release|Any CPU.Build.0 = Release|Any CPU
		{E0A8415A-D712-421E-AF8F-4DFC48225956}.Debug|Any CPU.ActiveCfg = Debug|Any CPU
		{E0A8415A-D712-421E-AF8F-4DFC48225956}.Debug|Any CPU.Build.0 = Debug|Any CPU
		{E0A8415A-D712-421E-AF8F-4DFC48225956}.Release|Any CPU.ActiveCfg = Release|Any CPU
		{E0A8415A-D712-421E-AF8F-4DFC48225956}.Release|Any CPU.Build.0 = Release|Any CPU
	EndGlobalSection
	GlobalSection(SolutionProperties) = preSolution
		HideSolutionNode = FALSE
	EndGlobalSection
	GlobalSection(ExtensibilityGlobals) = postSolution
		SolutionGuid = {9B6E6FAC-66B6-405C-AB64-992F78C715AB}
	EndGlobalSection
EndGlobal
